// !$*UTF8*$!
{
	archiveVersion = 1;
	classes = {
	};
	objectVersion = 56;
	objects = {

/* Begin PBXBuildFile section */
		3C97A40B29844EEB00B4D534 /* AppDelegate.swift in Sources */ = {isa = PBXBuildFile; fileRef = 3C97A40A29844EEB00B4D534 /* AppDelegate.swift */; };
		3C97A40D29844EEB00B4D534 /* SceneDelegate.swift in Sources */ = {isa = PBXBuildFile; fileRef = 3C97A40C29844EEB00B4D534 /* SceneDelegate.swift */; };
		3C97A40F29844EEB00B4D534 /* MoviesListViewController.swift in Sources */ = {isa = PBXBuildFile; fileRef = 3C97A40E29844EEB00B4D534 /* MoviesListViewController.swift */; };
		3C97A41529844EEB00B4D534 /* Movies.xcdatamodeld in Sources */ = {isa = PBXBuildFile; fileRef = 3C97A41329844EEB00B4D534 /* Movies.xcdatamodeld */; };
		3C97A41729844EED00B4D534 /* Assets.xcassets in Resources */ = {isa = PBXBuildFile; fileRef = 3C97A41629844EED00B4D534 /* Assets.xcassets */; };
		3C97A41A29844EED00B4D534 /* LaunchScreen.storyboard in Resources */ = {isa = PBXBuildFile; fileRef = 3C97A41829844EED00B4D534 /* LaunchScreen.storyboard */; };
		3C97A436298461DA00B4D534 /* ApplicationCoordinator.swift in Sources */ = {isa = PBXBuildFile; fileRef = 3C97A435298461DA00B4D534 /* ApplicationCoordinator.swift */; };
		3C97A4392984634300B4D534 /* MoviesListCoordinator.swift in Sources */ = {isa = PBXBuildFile; fileRef = 3C97A4382984634300B4D534 /* MoviesListCoordinator.swift */; };
		3C97A43C2985A0F600B4D534 /* Coordinator.swift in Sources */ = {isa = PBXBuildFile; fileRef = 3C97A43B2985A0F600B4D534 /* Coordinator.swift */; };
		3C97A43E2985A26600B4D534 /* CoordinatorOutput.swift in Sources */ = {isa = PBXBuildFile; fileRef = 3C97A43D2985A26600B4D534 /* CoordinatorOutput.swift */; };
		3C97A4402985A3EE00B4D534 /* DependencyContainer.swift in Sources */ = {isa = PBXBuildFile; fileRef = 3C97A43F2985A3EE00B4D534 /* DependencyContainer.swift */; };
		3C97A4452985AB7200B4D534 /* CoordinatorsFactory.swift in Sources */ = {isa = PBXBuildFile; fileRef = 3C97A4442985AB7200B4D534 /* CoordinatorsFactory.swift */; };
		3C97A4472985AFE200B4D534 /* WindowsFactory.swift in Sources */ = {isa = PBXBuildFile; fileRef = 3C97A4462985AFE200B4D534 /* WindowsFactory.swift */; };
		3C97A44A2985B2EE00B4D534 /* Router.swift in Sources */ = {isa = PBXBuildFile; fileRef = 3C97A4492985B2EE00B4D534 /* Router.swift */; };
		3C97A44C2985B34900B4D534 /* Presentable.swift in Sources */ = {isa = PBXBuildFile; fileRef = 3C97A44B2985B34900B4D534 /* Presentable.swift */; };
		3C97A44E2985B67300B4D534 /* ScreensFactory.swift in Sources */ = {isa = PBXBuildFile; fileRef = 3C97A44D2985B67300B4D534 /* ScreensFactory.swift */; };
		3C97A4522985B70D00B4D534 /* RouterImp.swift in Sources */ = {isa = PBXBuildFile; fileRef = 3C97A4512985B70D00B4D534 /* RouterImp.swift */; };
		3C97A4572985B75F00B4D534 /* WindowsFactoryImp.swift in Sources */ = {isa = PBXBuildFile; fileRef = 3C97A4562985B75F00B4D534 /* WindowsFactoryImp.swift */; };
		3C97A4592985B78200B4D534 /* CoordinatorsFactoryImp.swift in Sources */ = {isa = PBXBuildFile; fileRef = 3C97A4582985B78200B4D534 /* CoordinatorsFactoryImp.swift */; };
		3C97A45B2985B87700B4D534 /* ScreensFactoryImp.swift in Sources */ = {isa = PBXBuildFile; fileRef = 3C97A45A2985B87700B4D534 /* ScreensFactoryImp.swift */; };
		3C97A4602985BB6500B4D534 /* BaseCoordinator.swift in Sources */ = {isa = PBXBuildFile; fileRef = 3C97A45F2985BB6500B4D534 /* BaseCoordinator.swift */; };
		3C97A46329879D5400B4D534 /* UIViewController+Extensions.swift in Sources */ = {isa = PBXBuildFile; fileRef = 3C97A46229879D5400B4D534 /* UIViewController+Extensions.swift */; };
		3C97A4662987F00D00B4D534 /* SnapKit in Frameworks */ = {isa = PBXBuildFile; productRef = 3C97A4652987F00D00B4D534 /* SnapKit */; };
		3CE7CD86298A3DCB00783AB7 /* MoviesListCollectionView.swift in Sources */ = {isa = PBXBuildFile; fileRef = 3CE7CD85298A3DCB00783AB7 /* MoviesListCollectionView.swift */; };
		3CE7CD8B298A441F00783AB7 /* NavigationController.swift in Sources */ = {isa = PBXBuildFile; fileRef = 3CE7CD8A298A441F00783AB7 /* NavigationController.swift */; };
		3CE7CD8F298A44D600783AB7 /* MoviesNavigationController.swift in Sources */ = {isa = PBXBuildFile; fileRef = 3CE7CD8E298A44D600783AB7 /* MoviesNavigationController.swift */; };
		3CE7CD91298A4F2D00783AB7 /* MoviesListViewModel.swift in Sources */ = {isa = PBXBuildFile; fileRef = 3CE7CD90298A4F2D00783AB7 /* MoviesListViewModel.swift */; };
		3CE7CD94298A501F00783AB7 /* Movie.swift in Sources */ = {isa = PBXBuildFile; fileRef = 3CE7CD93298A501F00783AB7 /* Movie.swift */; };
		3CE7CD97298A541C00783AB7 /* Observable.swift in Sources */ = {isa = PBXBuildFile; fileRef = 3CE7CD96298A541C00783AB7 /* Observable.swift */; };
		3CE7CD9A298A5BF300783AB7 /* GetMoviesUseCase.swift in Sources */ = {isa = PBXBuildFile; fileRef = 3CE7CD99298A5BF300783AB7 /* GetMoviesUseCase.swift */; };
		3CE7CD9F298AD91100783AB7 /* UseCasesFactory.swift in Sources */ = {isa = PBXBuildFile; fileRef = 3CE7CD9E298AD91100783AB7 /* UseCasesFactory.swift */; };
		3CE7CDA9298AE6F800783AB7 /* MoviesListItemCell.swift in Sources */ = {isa = PBXBuildFile; fileRef = 3CE7CDA8298AE6F800783AB7 /* MoviesListItemCell.swift */; };
		3CE7CDAB298AE77600783AB7 /* UICollectionViewCell+Extensions.swift in Sources */ = {isa = PBXBuildFile; fileRef = 3CE7CDAA298AE77600783AB7 /* UICollectionViewCell+Extensions.swift */; };
		3CE7CDAD298AE89E00783AB7 /* UICollectionView+Extensions.swift in Sources */ = {isa = PBXBuildFile; fileRef = 3CE7CDAC298AE89E00783AB7 /* UICollectionView+Extensions.swift */; };
		3CE7CDAF298AF45200783AB7 /* With.swift in Sources */ = {isa = PBXBuildFile; fileRef = 3CE7CDAE298AF45200783AB7 /* With.swift */; };
/* End PBXBuildFile section */

/* Begin PBXFileReference section */
		3C97A40729844EEB00B4D534 /* Movies.app */ = {isa = PBXFileReference; explicitFileType = wrapper.application; includeInIndex = 0; path = Movies.app; sourceTree = BUILT_PRODUCTS_DIR; };
		3C97A40A29844EEB00B4D534 /* AppDelegate.swift */ = {isa = PBXFileReference; lastKnownFileType = sourcecode.swift; path = AppDelegate.swift; sourceTree = "<group>"; };
		3C97A40C29844EEB00B4D534 /* SceneDelegate.swift */ = {isa = PBXFileReference; lastKnownFileType = sourcecode.swift; path = SceneDelegate.swift; sourceTree = "<group>"; };
		3C97A40E29844EEB00B4D534 /* MoviesListViewController.swift */ = {isa = PBXFileReference; lastKnownFileType = sourcecode.swift; path = MoviesListViewController.swift; sourceTree = "<group>"; };
		3C97A41429844EEB00B4D534 /* Movies.xcdatamodel */ = {isa = PBXFileReference; lastKnownFileType = wrapper.xcdatamodel; path = Movies.xcdatamodel; sourceTree = "<group>"; };
		3C97A41629844EED00B4D534 /* Assets.xcassets */ = {isa = PBXFileReference; lastKnownFileType = folder.assetcatalog; path = Assets.xcassets; sourceTree = "<group>"; };
		3C97A41929844EED00B4D534 /* Base */ = {isa = PBXFileReference; lastKnownFileType = file.storyboard; name = Base; path = Base.lproj/LaunchScreen.storyboard; sourceTree = "<group>"; };
		3C97A41B29844EED00B4D534 /* Info.plist */ = {isa = PBXFileReference; lastKnownFileType = text.plist.xml; path = Info.plist; sourceTree = "<group>"; };
		3C97A435298461DA00B4D534 /* ApplicationCoordinator.swift */ = {isa = PBXFileReference; lastKnownFileType = sourcecode.swift; path = ApplicationCoordinator.swift; sourceTree = "<group>"; };
		3C97A4382984634300B4D534 /* MoviesListCoordinator.swift */ = {isa = PBXFileReference; lastKnownFileType = sourcecode.swift; path = MoviesListCoordinator.swift; sourceTree = "<group>"; };
		3C97A43B2985A0F600B4D534 /* Coordinator.swift */ = {isa = PBXFileReference; lastKnownFileType = sourcecode.swift; path = Coordinator.swift; sourceTree = "<group>"; };
		3C97A43D2985A26600B4D534 /* CoordinatorOutput.swift */ = {isa = PBXFileReference; lastKnownFileType = sourcecode.swift; path = CoordinatorOutput.swift; sourceTree = "<group>"; };
		3C97A43F2985A3EE00B4D534 /* DependencyContainer.swift */ = {isa = PBXFileReference; lastKnownFileType = sourcecode.swift; path = DependencyContainer.swift; sourceTree = "<group>"; };
		3C97A4442985AB7200B4D534 /* CoordinatorsFactory.swift */ = {isa = PBXFileReference; lastKnownFileType = sourcecode.swift; path = CoordinatorsFactory.swift; sourceTree = "<group>"; };
		3C97A4462985AFE200B4D534 /* WindowsFactory.swift */ = {isa = PBXFileReference; fileEncoding = 4; lastKnownFileType = sourcecode.swift; path = WindowsFactory.swift; sourceTree = "<group>"; };
		3C97A4492985B2EE00B4D534 /* Router.swift */ = {isa = PBXFileReference; lastKnownFileType = sourcecode.swift; path = Router.swift; sourceTree = "<group>"; };
		3C97A44B2985B34900B4D534 /* Presentable.swift */ = {isa = PBXFileReference; lastKnownFileType = sourcecode.swift; path = Presentable.swift; sourceTree = "<group>"; };
		3C97A44D2985B67300B4D534 /* ScreensFactory.swift */ = {isa = PBXFileReference; lastKnownFileType = sourcecode.swift; path = ScreensFactory.swift; sourceTree = "<group>"; };
		3C97A4512985B70D00B4D534 /* RouterImp.swift */ = {isa = PBXFileReference; lastKnownFileType = sourcecode.swift; path = RouterImp.swift; sourceTree = "<group>"; };
		3C97A4562985B75F00B4D534 /* WindowsFactoryImp.swift */ = {isa = PBXFileReference; lastKnownFileType = sourcecode.swift; path = WindowsFactoryImp.swift; sourceTree = "<group>"; };
		3C97A4582985B78200B4D534 /* CoordinatorsFactoryImp.swift */ = {isa = PBXFileReference; lastKnownFileType = sourcecode.swift; path = CoordinatorsFactoryImp.swift; sourceTree = "<group>"; };
		3C97A45A2985B87700B4D534 /* ScreensFactoryImp.swift */ = {isa = PBXFileReference; lastKnownFileType = sourcecode.swift; path = ScreensFactoryImp.swift; sourceTree = "<group>"; };
		3C97A45F2985BB6500B4D534 /* BaseCoordinator.swift */ = {isa = PBXFileReference; lastKnownFileType = sourcecode.swift; path = BaseCoordinator.swift; sourceTree = "<group>"; };
		3C97A46229879D5400B4D534 /* UIViewController+Extensions.swift */ = {isa = PBXFileReference; lastKnownFileType = sourcecode.swift; path = "UIViewController+Extensions.swift"; sourceTree = "<group>"; };
		3CE7CD85298A3DCB00783AB7 /* MoviesListCollectionView.swift */ = {isa = PBXFileReference; lastKnownFileType = sourcecode.swift; path = MoviesListCollectionView.swift; sourceTree = "<group>"; };
		3CE7CD8A298A441F00783AB7 /* NavigationController.swift */ = {isa = PBXFileReference; lastKnownFileType = sourcecode.swift; path = NavigationController.swift; sourceTree = "<group>"; };
		3CE7CD8E298A44D600783AB7 /* MoviesNavigationController.swift */ = {isa = PBXFileReference; lastKnownFileType = sourcecode.swift; path = MoviesNavigationController.swift; sourceTree = "<group>"; };
		3CE7CD90298A4F2D00783AB7 /* MoviesListViewModel.swift */ = {isa = PBXFileReference; lastKnownFileType = sourcecode.swift; path = MoviesListViewModel.swift; sourceTree = "<group>"; };
		3CE7CD93298A501F00783AB7 /* Movie.swift */ = {isa = PBXFileReference; lastKnownFileType = sourcecode.swift; path = Movie.swift; sourceTree = "<group>"; };
		3CE7CD96298A541C00783AB7 /* Observable.swift */ = {isa = PBXFileReference; lastKnownFileType = sourcecode.swift; path = Observable.swift; sourceTree = "<group>"; };
		3CE7CD99298A5BF300783AB7 /* GetMoviesUseCase.swift */ = {isa = PBXFileReference; lastKnownFileType = sourcecode.swift; path = GetMoviesUseCase.swift; sourceTree = "<group>"; };
		3CE7CD9E298AD91100783AB7 /* UseCasesFactory.swift */ = {isa = PBXFileReference; lastKnownFileType = sourcecode.swift; path = UseCasesFactory.swift; sourceTree = "<group>"; };
		3CE7CDA8298AE6F800783AB7 /* MoviesListItemCell.swift */ = {isa = PBXFileReference; lastKnownFileType = sourcecode.swift; path = MoviesListItemCell.swift; sourceTree = "<group>"; };
		3CE7CDAA298AE77600783AB7 /* UICollectionViewCell+Extensions.swift */ = {isa = PBXFileReference; lastKnownFileType = sourcecode.swift; path = "UICollectionViewCell+Extensions.swift"; sourceTree = "<group>"; };
		3CE7CDAC298AE89E00783AB7 /* UICollectionView+Extensions.swift */ = {isa = PBXFileReference; lastKnownFileType = sourcecode.swift; path = "UICollectionView+Extensions.swift"; sourceTree = "<group>"; };
		3CE7CDAE298AF45200783AB7 /* With.swift */ = {isa = PBXFileReference; lastKnownFileType = sourcecode.swift; path = With.swift; sourceTree = "<group>"; };
/* End PBXFileReference section */

/* Begin PBXFrameworksBuildPhase section */
		3C97A40429844EEB00B4D534 /* Frameworks */ = {
			isa = PBXFrameworksBuildPhase;
			buildActionMask = 2147483647;
			files = (
				3C97A4662987F00D00B4D534 /* SnapKit in Frameworks */,
			);
			runOnlyForDeploymentPostprocessing = 0;
		};
/* End PBXFrameworksBuildPhase section */

/* Begin PBXGroup section */
		3C97A3FE29844EEB00B4D534 = {
			isa = PBXGroup;
			children = (
				3C97A40929844EEB00B4D534 /* Movies */,
				3C97A40829844EEB00B4D534 /* Products */,
			);
			sourceTree = "<group>";
		};
		3C97A40829844EEB00B4D534 /* Products */ = {
			isa = PBXGroup;
			children = (
				3C97A40729844EEB00B4D534 /* Movies.app */,
			);
			name = Products;
			sourceTree = "<group>";
		};
		3C97A40929844EEB00B4D534 /* Movies */ = {
			isa = PBXGroup;
			children = (
				3C97A423298450AE00B4D534 /* Application */,
				3C97A424298450EB00B4D534 /* Presentation */,
				3C97A425298450F400B4D534 /* Domain */,
				3C97A426298450FC00B4D534 /* Data */,
				3C97A4272984510300B4D534 /* Infrastructure */,
				3C97A43A2985A0CC00B4D534 /* Common */,
				3C97A4282984511900B4D534 /* Resources */,
			);
			path = Movies;
			sourceTree = "<group>";
		};
		3C97A423298450AE00B4D534 /* Application */ = {
			isa = PBXGroup;
			children = (
				3C97A40A29844EEB00B4D534 /* AppDelegate.swift */,
				3C97A40C29844EEB00B4D534 /* SceneDelegate.swift */,
				3C97A43F2985A3EE00B4D534 /* DependencyContainer.swift */,
				3C97A435298461DA00B4D534 /* ApplicationCoordinator.swift */,
			);
			path = Application;
			sourceTree = "<group>";
		};
		3C97A424298450EB00B4D534 /* Presentation */ = {
			isa = PBXGroup;
			children = (
				3CE7CD87298A43CE00783AB7 /* NavigationController */,
				3C97A45C2985BB1600B4D534 /* Coordinator */,
				3C97A4482985B2D800B4D534 /* Router */,
				3C97A4412985A92500B4D534 /* Factories */,
				3C97A4292984518F00B4D534 /* Screens */,
				3C97A46129879D2700B4D534 /* Extenions */,
				3CE7CD95298A53FF00783AB7 /* Utils */,
			);
			path = Presentation;
			sourceTree = "<group>";
		};
		3C97A425298450F400B4D534 /* Domain */ = {
			isa = PBXGroup;
			children = (
				3CE7CD9B298AD88E00783AB7 /* Factories */,
				3CE7CD92298A501200783AB7 /* Entities */,
				3CE7CD98298A5BD500783AB7 /* UseCases */,
			);
			path = Domain;
			sourceTree = "<group>";
		};
		3C97A426298450FC00B4D534 /* Data */ = {
			isa = PBXGroup;
			children = (
				3C97A42D2984539400B4D534 /* PersistentStorages */,
			);
			path = Data;
			sourceTree = "<group>";
		};
		3C97A4272984510300B4D534 /* Infrastructure */ = {
			isa = PBXGroup;
			children = (
			);
			path = Infrastructure;
			sourceTree = "<group>";
		};
		3C97A4282984511900B4D534 /* Resources */ = {
			isa = PBXGroup;
			children = (
				3C97A41629844EED00B4D534 /* Assets.xcassets */,
				3C97A41829844EED00B4D534 /* LaunchScreen.storyboard */,
				3C97A41B29844EED00B4D534 /* Info.plist */,
			);
			path = Resources;
			sourceTree = "<group>";
		};
		3C97A4292984518F00B4D534 /* Screens */ = {
			isa = PBXGroup;
			children = (
				3C97A42A2984519700B4D534 /* MoviesList */,
			);
			path = Screens;
			sourceTree = "<group>";
		};
		3C97A42A2984519700B4D534 /* MoviesList */ = {
			isa = PBXGroup;
			children = (
				3C97A4372984632C00B4D534 /* Coordinators */,
				3C97A42C298451A800B4D534 /* ViewModel */,
				3C97A42B298451A200B4D534 /* View */,
			);
			path = MoviesList;
			sourceTree = "<group>";
		};
		3C97A42B298451A200B4D534 /* View */ = {
			isa = PBXGroup;
			children = (
				3C97A40E29844EEB00B4D534 /* MoviesListViewController.swift */,
				3CE7CDA6298AE6A100783AB7 /* MoviesListCollectionView */,
			);
			path = View;
			sourceTree = "<group>";
		};
		3C97A42C298451A800B4D534 /* ViewModel */ = {
			isa = PBXGroup;
			children = (
				3CE7CD90298A4F2D00783AB7 /* MoviesListViewModel.swift */,
			);
			path = ViewModel;
			sourceTree = "<group>";
		};
		3C97A42D2984539400B4D534 /* PersistentStorages */ = {
			isa = PBXGroup;
			children = (
				3C97A42E2984539A00B4D534 /* CoreDataStorage */,
			);
			path = PersistentStorages;
			sourceTree = "<group>";
		};
		3C97A42E2984539A00B4D534 /* CoreDataStorage */ = {
			isa = PBXGroup;
			children = (
				3C97A41329844EEB00B4D534 /* Movies.xcdatamodeld */,
			);
			path = CoreDataStorage;
			sourceTree = "<group>";
		};
		3C97A4372984632C00B4D534 /* Coordinators */ = {
			isa = PBXGroup;
			children = (
				3C97A4382984634300B4D534 /* MoviesListCoordinator.swift */,
			);
			path = Coordinators;
			sourceTree = "<group>";
		};
		3C97A43A2985A0CC00B4D534 /* Common */ = {
			isa = PBXGroup;
			children = (
			);
			path = Common;
			sourceTree = "<group>";
		};
		3C97A4412985A92500B4D534 /* Factories */ = {
			isa = PBXGroup;
			children = (
				3C97A4542985B74300B4D534 /* Protocols */,
				3C97A4552985B74A00B4D534 /* Implementation */,
			);
			path = Factories;
			sourceTree = "<group>";
		};
		3C97A4482985B2D800B4D534 /* Router */ = {
			isa = PBXGroup;
			children = (
				3C97A44F2985B6E300B4D534 /* Protocols */,
				3C97A4502985B6FC00B4D534 /* Implementation */,
			);
			path = Router;
			sourceTree = "<group>";
		};
		3C97A44F2985B6E300B4D534 /* Protocols */ = {
			isa = PBXGroup;
			children = (
				3C97A4492985B2EE00B4D534 /* Router.swift */,
				3C97A44B2985B34900B4D534 /* Presentable.swift */,
			);
			path = Protocols;
			sourceTree = "<group>";
		};
		3C97A4502985B6FC00B4D534 /* Implementation */ = {
			isa = PBXGroup;
			children = (
				3C97A4512985B70D00B4D534 /* RouterImp.swift */,
			);
			path = Implementation;
			sourceTree = "<group>";
		};
		3C97A4542985B74300B4D534 /* Protocols */ = {
			isa = PBXGroup;
			children = (
				3C97A4462985AFE200B4D534 /* WindowsFactory.swift */,
				3C97A4442985AB7200B4D534 /* CoordinatorsFactory.swift */,
				3C97A44D2985B67300B4D534 /* ScreensFactory.swift */,
			);
			path = Protocols;
			sourceTree = "<group>";
		};
		3C97A4552985B74A00B4D534 /* Implementation */ = {
			isa = PBXGroup;
			children = (
				3C97A4562985B75F00B4D534 /* WindowsFactoryImp.swift */,
				3C97A4582985B78200B4D534 /* CoordinatorsFactoryImp.swift */,
				3C97A45A2985B87700B4D534 /* ScreensFactoryImp.swift */,
			);
			path = Implementation;
			sourceTree = "<group>";
		};
		3C97A45C2985BB1600B4D534 /* Coordinator */ = {
			isa = PBXGroup;
			children = (
				3C97A45D2985BB3900B4D534 /* Protocols */,
				3C97A45E2985BB4A00B4D534 /* Implementation */,
			);
			path = Coordinator;
			sourceTree = "<group>";
		};
		3C97A45D2985BB3900B4D534 /* Protocols */ = {
			isa = PBXGroup;
			children = (
				3C97A43B2985A0F600B4D534 /* Coordinator.swift */,
				3C97A43D2985A26600B4D534 /* CoordinatorOutput.swift */,
			);
			path = Protocols;
			sourceTree = "<group>";
		};
		3C97A45E2985BB4A00B4D534 /* Implementation */ = {
			isa = PBXGroup;
			children = (
				3C97A45F2985BB6500B4D534 /* BaseCoordinator.swift */,
			);
			path = Implementation;
			sourceTree = "<group>";
		};
		3C97A46129879D2700B4D534 /* Extenions */ = {
			isa = PBXGroup;
			children = (
				3C97A46229879D5400B4D534 /* UIViewController+Extensions.swift */,
				3CE7CDAA298AE77600783AB7 /* UICollectionViewCell+Extensions.swift */,
				3CE7CDAC298AE89E00783AB7 /* UICollectionView+Extensions.swift */,
			);
			path = Extenions;
			sourceTree = "<group>";
		};
		3CE7CD87298A43CE00783AB7 /* NavigationController */ = {
			isa = PBXGroup;
			children = (
				3CE7CD88298A43EB00783AB7 /* Protocols */,
				3CE7CD89298A43FA00783AB7 /* Implementation */,
			);
			path = NavigationController;
			sourceTree = "<group>";
		};
		3CE7CD88298A43EB00783AB7 /* Protocols */ = {
			isa = PBXGroup;
			children = (
				3CE7CD8A298A441F00783AB7 /* NavigationController.swift */,
			);
			path = Protocols;
			sourceTree = "<group>";
		};
		3CE7CD89298A43FA00783AB7 /* Implementation */ = {
			isa = PBXGroup;
			children = (
				3CE7CD8E298A44D600783AB7 /* MoviesNavigationController.swift */,
			);
			path = Implementation;
			sourceTree = "<group>";
		};
		3CE7CD92298A501200783AB7 /* Entities */ = {
			isa = PBXGroup;
			children = (
				3CE7CD93298A501F00783AB7 /* Movie.swift */,
			);
			path = Entities;
			sourceTree = "<group>";
		};
		3CE7CD95298A53FF00783AB7 /* Utils */ = {
			isa = PBXGroup;
			children = (
				3CE7CD96298A541C00783AB7 /* Observable.swift */,
				3CE7CDAE298AF45200783AB7 /* With.swift */,
			);
			path = Utils;
			sourceTree = "<group>";
		};
		3CE7CD98298A5BD500783AB7 /* UseCases */ = {
			isa = PBXGroup;
			children = (
				3CE7CD99298A5BF300783AB7 /* GetMoviesUseCase.swift */,
			);
			path = UseCases;
			sourceTree = "<group>";
		};
		3CE7CD9B298AD88E00783AB7 /* Factories */ = {
			isa = PBXGroup;
			children = (
				3CE7CD9E298AD91100783AB7 /* UseCasesFactory.swift */,
			);
			path = Factories;
			sourceTree = "<group>";
		};
		3CE7CDA6298AE6A100783AB7 /* MoviesListCollectionView */ = {
			isa = PBXGroup;
			children = (
				3CE7CD85298A3DCB00783AB7 /* MoviesListCollectionView.swift */,
				3CE7CDA7298AE6CD00783AB7 /* Cells */,
			);
			path = MoviesListCollectionView;
			sourceTree = "<group>";
		};
		3CE7CDA7298AE6CD00783AB7 /* Cells */ = {
			isa = PBXGroup;
			children = (
				3CE7CDA8298AE6F800783AB7 /* MoviesListItemCell.swift */,
			);
			path = Cells;
			sourceTree = "<group>";
		};
/* End PBXGroup section */

/* Begin PBXNativeTarget section */
		3C97A40629844EEB00B4D534 /* Movies */ = {
			isa = PBXNativeTarget;
			buildConfigurationList = 3C97A41E29844EED00B4D534 /* Build configuration list for PBXNativeTarget "Movies" */;
			buildPhases = (
				3C97A40329844EEB00B4D534 /* Sources */,
				3C97A40429844EEB00B4D534 /* Frameworks */,
				3C97A40529844EEB00B4D534 /* Resources */,
			);
			buildRules = (
			);
			dependencies = (
			);
			name = Movies;
			packageProductDependencies = (
				3C97A4652987F00D00B4D534 /* SnapKit */,
			);
			productName = Movies;
			productReference = 3C97A40729844EEB00B4D534 /* Movies.app */;
			productType = "com.apple.product-type.application";
		};
/* End PBXNativeTarget section */

/* Begin PBXProject section */
		3C97A3FF29844EEB00B4D534 /* Project object */ = {
			isa = PBXProject;
			attributes = {
				BuildIndependentTargetsInParallel = 1;
				LastSwiftUpdateCheck = 1420;
				LastUpgradeCheck = 1420;
				TargetAttributes = {
					3C97A40629844EEB00B4D534 = {
						CreatedOnToolsVersion = 14.2;
					};
				};
			};
			buildConfigurationList = 3C97A40229844EEB00B4D534 /* Build configuration list for PBXProject "Movies" */;
			compatibilityVersion = "Xcode 14.0";
			developmentRegion = en;
			hasScannedForEncodings = 0;
			knownRegions = (
				en,
				Base,
			);
			mainGroup = 3C97A3FE29844EEB00B4D534;
			packageReferences = (
				3C97A4642987F00D00B4D534 /* XCRemoteSwiftPackageReference "SnapKit" */,
			);
			productRefGroup = 3C97A40829844EEB00B4D534 /* Products */;
			projectDirPath = "";
			projectRoot = "";
			targets = (
				3C97A40629844EEB00B4D534 /* Movies */,
			);
		};
/* End PBXProject section */

/* Begin PBXResourcesBuildPhase section */
		3C97A40529844EEB00B4D534 /* Resources */ = {
			isa = PBXResourcesBuildPhase;
			buildActionMask = 2147483647;
			files = (
				3C97A41A29844EED00B4D534 /* LaunchScreen.storyboard in Resources */,
				3C97A41729844EED00B4D534 /* Assets.xcassets in Resources */,
			);
			runOnlyForDeploymentPostprocessing = 0;
		};
/* End PBXResourcesBuildPhase section */

/* Begin PBXSourcesBuildPhase section */
		3C97A40329844EEB00B4D534 /* Sources */ = {
			isa = PBXSourcesBuildPhase;
			buildActionMask = 2147483647;
			files = (
				3CE7CD97298A541C00783AB7 /* Observable.swift in Sources */,
				3CE7CDAF298AF45200783AB7 /* With.swift in Sources */,
				3C97A4592985B78200B4D534 /* CoordinatorsFactoryImp.swift in Sources */,
				3C97A4452985AB7200B4D534 /* CoordinatorsFactory.swift in Sources */,
				3C97A43C2985A0F600B4D534 /* Coordinator.swift in Sources */,
				3CE7CDAD298AE89E00783AB7 /* UICollectionView+Extensions.swift in Sources */,
				3CE7CDAB298AE77600783AB7 /* UICollectionViewCell+Extensions.swift in Sources */,
				3C97A43E2985A26600B4D534 /* CoordinatorOutput.swift in Sources */,
				3CE7CD94298A501F00783AB7 /* Movie.swift in Sources */,
				3C97A4522985B70D00B4D534 /* RouterImp.swift in Sources */,
				3C97A40F29844EEB00B4D534 /* MoviesListViewController.swift in Sources */,
				3CE7CD9A298A5BF300783AB7 /* GetMoviesUseCase.swift in Sources */,
				3C97A46329879D5400B4D534 /* UIViewController+Extensions.swift in Sources */,
				3C97A4392984634300B4D534 /* MoviesListCoordinator.swift in Sources */,
				3C97A44E2985B67300B4D534 /* ScreensFactory.swift in Sources */,
				3C97A40B29844EEB00B4D534 /* AppDelegate.swift in Sources */,
				3C97A4402985A3EE00B4D534 /* DependencyContainer.swift in Sources */,
				3CE7CD8B298A441F00783AB7 /* NavigationController.swift in Sources */,
				3C97A4472985AFE200B4D534 /* WindowsFactory.swift in Sources */,
				3CE7CD9F298AD91100783AB7 /* UseCasesFactory.swift in Sources */,
				3C97A41529844EEB00B4D534 /* Movies.xcdatamodeld in Sources */,
				3C97A4572985B75F00B4D534 /* WindowsFactoryImp.swift in Sources */,
				3CE7CD91298A4F2D00783AB7 /* MoviesListViewModel.swift in Sources */,
				3C97A44A2985B2EE00B4D534 /* Router.swift in Sources */,
				3CE7CD86298A3DCB00783AB7 /* MoviesListCollectionView.swift in Sources */,
				3C97A44C2985B34900B4D534 /* Presentable.swift in Sources */,
				3C97A4602985BB6500B4D534 /* BaseCoordinator.swift in Sources */,
				3C97A45B2985B87700B4D534 /* ScreensFactoryImp.swift in Sources */,
				3CE7CD8F298A44D600783AB7 /* MoviesNavigationController.swift in Sources */,
				3C97A436298461DA00B4D534 /* ApplicationCoordinator.swift in Sources */,
				3C97A40D29844EEB00B4D534 /* SceneDelegate.swift in Sources */,
				3CE7CDA9298AE6F800783AB7 /* MoviesListItemCell.swift in Sources */,
			);
			runOnlyForDeploymentPostprocessing = 0;
		};
/* End PBXSourcesBuildPhase section */

/* Begin PBXVariantGroup section */
		3C97A41829844EED00B4D534 /* LaunchScreen.storyboard */ = {
			isa = PBXVariantGroup;
			children = (
				3C97A41929844EED00B4D534 /* Base */,
			);
			name = LaunchScreen.storyboard;
			sourceTree = "<group>";
		};
/* End PBXVariantGroup section */

/* Begin XCBuildConfiguration section */
		3C97A41C29844EED00B4D534 /* Debug */ = {
			isa = XCBuildConfiguration;
			buildSettings = {
				ALWAYS_SEARCH_USER_PATHS = NO;
				CLANG_ANALYZER_NONNULL = YES;
				CLANG_ANALYZER_NUMBER_OBJECT_CONVERSION = YES_AGGRESSIVE;
				CLANG_CXX_LANGUAGE_STANDARD = "gnu++20";
				CLANG_ENABLE_MODULES = YES;
				CLANG_ENABLE_OBJC_ARC = YES;
				CLANG_ENABLE_OBJC_WEAK = YES;
				CLANG_WARN_BLOCK_CAPTURE_AUTORELEASING = YES;
				CLANG_WARN_BOOL_CONVERSION = YES;
				CLANG_WARN_COMMA = YES;
				CLANG_WARN_CONSTANT_CONVERSION = YES;
				CLANG_WARN_DEPRECATED_OBJC_IMPLEMENTATIONS = YES;
				CLANG_WARN_DIRECT_OBJC_ISA_USAGE = YES_ERROR;
				CLANG_WARN_DOCUMENTATION_COMMENTS = YES;
				CLANG_WARN_EMPTY_BODY = YES;
				CLANG_WARN_ENUM_CONVERSION = YES;
				CLANG_WARN_INFINITE_RECURSION = YES;
				CLANG_WARN_INT_CONVERSION = YES;
				CLANG_WARN_NON_LITERAL_NULL_CONVERSION = YES;
				CLANG_WARN_OBJC_IMPLICIT_RETAIN_SELF = YES;
				CLANG_WARN_OBJC_LITERAL_CONVERSION = YES;
				CLANG_WARN_OBJC_ROOT_CLASS = YES_ERROR;
				CLANG_WARN_QUOTED_INCLUDE_IN_FRAMEWORK_HEADER = YES;
				CLANG_WARN_RANGE_LOOP_ANALYSIS = YES;
				CLANG_WARN_STRICT_PROTOTYPES = YES;
				CLANG_WARN_SUSPICIOUS_MOVE = YES;
				CLANG_WARN_UNGUARDED_AVAILABILITY = YES_AGGRESSIVE;
				CLANG_WARN_UNREACHABLE_CODE = YES;
				CLANG_WARN__DUPLICATE_METHOD_MATCH = YES;
				COPY_PHASE_STRIP = NO;
				DEBUG_INFORMATION_FORMAT = dwarf;
				ENABLE_STRICT_OBJC_MSGSEND = YES;
				ENABLE_TESTABILITY = YES;
				GCC_C_LANGUAGE_STANDARD = gnu11;
				GCC_DYNAMIC_NO_PIC = NO;
				GCC_NO_COMMON_BLOCKS = YES;
				GCC_OPTIMIZATION_LEVEL = 0;
				GCC_PREPROCESSOR_DEFINITIONS = (
					"DEBUG=1",
					"$(inherited)",
				);
				GCC_WARN_64_TO_32_BIT_CONVERSION = YES;
				GCC_WARN_ABOUT_RETURN_TYPE = YES_ERROR;
				GCC_WARN_UNDECLARED_SELECTOR = YES;
				GCC_WARN_UNINITIALIZED_AUTOS = YES_AGGRESSIVE;
				GCC_WARN_UNUSED_FUNCTION = YES;
				GCC_WARN_UNUSED_VARIABLE = YES;
				IPHONEOS_DEPLOYMENT_TARGET = 16.2;
				MTL_ENABLE_DEBUG_INFO = INCLUDE_SOURCE;
				MTL_FAST_MATH = YES;
				ONLY_ACTIVE_ARCH = YES;
				SDKROOT = iphoneos;
				SWIFT_ACTIVE_COMPILATION_CONDITIONS = DEBUG;
				SWIFT_OPTIMIZATION_LEVEL = "-Onone";
			};
			name = Debug;
		};
		3C97A41D29844EED00B4D534 /* Release */ = {
			isa = XCBuildConfiguration;
			buildSettings = {
				ALWAYS_SEARCH_USER_PATHS = NO;
				CLANG_ANALYZER_NONNULL = YES;
				CLANG_ANALYZER_NUMBER_OBJECT_CONVERSION = YES_AGGRESSIVE;
				CLANG_CXX_LANGUAGE_STANDARD = "gnu++20";
				CLANG_ENABLE_MODULES = YES;
				CLANG_ENABLE_OBJC_ARC = YES;
				CLANG_ENABLE_OBJC_WEAK = YES;
				CLANG_WARN_BLOCK_CAPTURE_AUTORELEASING = YES;
				CLANG_WARN_BOOL_CONVERSION = YES;
				CLANG_WARN_COMMA = YES;
				CLANG_WARN_CONSTANT_CONVERSION = YES;
				CLANG_WARN_DEPRECATED_OBJC_IMPLEMENTATIONS = YES;
				CLANG_WARN_DIRECT_OBJC_ISA_USAGE = YES_ERROR;
				CLANG_WARN_DOCUMENTATION_COMMENTS = YES;
				CLANG_WARN_EMPTY_BODY = YES;
				CLANG_WARN_ENUM_CONVERSION = YES;
				CLANG_WARN_INFINITE_RECURSION = YES;
				CLANG_WARN_INT_CONVERSION = YES;
				CLANG_WARN_NON_LITERAL_NULL_CONVERSION = YES;
				CLANG_WARN_OBJC_IMPLICIT_RETAIN_SELF = YES;
				CLANG_WARN_OBJC_LITERAL_CONVERSION = YES;
				CLANG_WARN_OBJC_ROOT_CLASS = YES_ERROR;
				CLANG_WARN_QUOTED_INCLUDE_IN_FRAMEWORK_HEADER = YES;
				CLANG_WARN_RANGE_LOOP_ANALYSIS = YES;
				CLANG_WARN_STRICT_PROTOTYPES = YES;
				CLANG_WARN_SUSPICIOUS_MOVE = YES;
				CLANG_WARN_UNGUARDED_AVAILABILITY = YES_AGGRESSIVE;
				CLANG_WARN_UNREACHABLE_CODE = YES;
				CLANG_WARN__DUPLICATE_METHOD_MATCH = YES;
				COPY_PHASE_STRIP = NO;
				DEBUG_INFORMATION_FORMAT = "dwarf-with-dsym";
				ENABLE_NS_ASSERTIONS = NO;
				ENABLE_STRICT_OBJC_MSGSEND = YES;
				GCC_C_LANGUAGE_STANDARD = gnu11;
				GCC_NO_COMMON_BLOCKS = YES;
				GCC_WARN_64_TO_32_BIT_CONVERSION = YES;
				GCC_WARN_ABOUT_RETURN_TYPE = YES_ERROR;
				GCC_WARN_UNDECLARED_SELECTOR = YES;
				GCC_WARN_UNINITIALIZED_AUTOS = YES_AGGRESSIVE;
				GCC_WARN_UNUSED_FUNCTION = YES;
				GCC_WARN_UNUSED_VARIABLE = YES;
				IPHONEOS_DEPLOYMENT_TARGET = 16.2;
				MTL_ENABLE_DEBUG_INFO = NO;
				MTL_FAST_MATH = YES;
				SDKROOT = iphoneos;
				SWIFT_COMPILATION_MODE = wholemodule;
				SWIFT_OPTIMIZATION_LEVEL = "-O";
				VALIDATE_PRODUCT = YES;
			};
			name = Release;
		};
		3C97A41F29844EED00B4D534 /* Debug */ = {
			isa = XCBuildConfiguration;
			buildSettings = {
				ASSETCATALOG_COMPILER_APPICON_NAME = AppIcon;
				ASSETCATALOG_COMPILER_GLOBAL_ACCENT_COLOR_NAME = AccentColor;
				CODE_SIGN_STYLE = Automatic;
				CURRENT_PROJECT_VERSION = 1;
				DEVELOPMENT_TEAM = P8VCS3U2KK;
				GENERATE_INFOPLIST_FILE = YES;
				INFOPLIST_FILE = Movies/Resources/Info.plist;
				INFOPLIST_KEY_UIApplicationSupportsIndirectInputEvents = YES;
				INFOPLIST_KEY_UILaunchStoryboardName = LaunchScreen.storyboard;
				INFOPLIST_KEY_UISupportedInterfaceOrientations = UIInterfaceOrientationPortrait;
				INFOPLIST_KEY_UISupportedInterfaceOrientations_iPad = "UIInterfaceOrientationLandscapeLeft UIInterfaceOrientationLandscapeRight UIInterfaceOrientationPortrait UIInterfaceOrientationPortraitUpsideDown";
				IPHONEOS_DEPLOYMENT_TARGET = 13.0;
				LD_RUNPATH_SEARCH_PATHS = (
					"$(inherited)",
					"@executable_path/Frameworks",
				);
				MARKETING_VERSION = 1.0;
				PRODUCT_BUNDLE_IDENTIFIER = com.VyakulinSA.Movies;
				PRODUCT_NAME = "$(TARGET_NAME)";
				SUPPORTED_PLATFORMS = "iphoneos iphonesimulator";
				SUPPORTS_MACCATALYST = NO;
				SUPPORTS_MAC_DESIGNED_FOR_IPHONE_IPAD = NO;
				SWIFT_EMIT_LOC_STRINGS = YES;
				SWIFT_VERSION = 5.0;
				TARGETED_DEVICE_FAMILY = 1;
			};
			name = Debug;
		};
		3C97A42029844EED00B4D534 /* Release */ = {
			isa = XCBuildConfiguration;
			buildSettings = {
				ASSETCATALOG_COMPILER_APPICON_NAME = AppIcon;
				ASSETCATALOG_COMPILER_GLOBAL_ACCENT_COLOR_NAME = AccentColor;
				CODE_SIGN_STYLE = Automatic;
				CURRENT_PROJECT_VERSION = 1;
				DEVELOPMENT_TEAM = P8VCS3U2KK;
				GENERATE_INFOPLIST_FILE = YES;
				INFOPLIST_FILE = Movies/Resources/Info.plist;
				INFOPLIST_KEY_UIApplicationSupportsIndirectInputEvents = YES;
				INFOPLIST_KEY_UILaunchStoryboardName = LaunchScreen.storyboard;
				INFOPLIST_KEY_UISupportedInterfaceOrientations = UIInterfaceOrientationPortrait;
				INFOPLIST_KEY_UISupportedInterfaceOrientations_iPad = "UIInterfaceOrientationLandscapeLeft UIInterfaceOrientationLandscapeRight UIInterfaceOrientationPortrait UIInterfaceOrientationPortraitUpsideDown";
				IPHONEOS_DEPLOYMENT_TARGET = 13.0;
				LD_RUNPATH_SEARCH_PATHS = (
					"$(inherited)",
					"@executable_path/Frameworks",
				);
				MARKETING_VERSION = 1.0;
				PRODUCT_BUNDLE_IDENTIFIER = com.VyakulinSA.Movies;
				PRODUCT_NAME = "$(TARGET_NAME)";
				SUPPORTED_PLATFORMS = "iphoneos iphonesimulator";
				SUPPORTS_MACCATALYST = NO;
				SUPPORTS_MAC_DESIGNED_FOR_IPHONE_IPAD = NO;
				SWIFT_EMIT_LOC_STRINGS = YES;
				SWIFT_VERSION = 5.0;
				TARGETED_DEVICE_FAMILY = 1;
			};
			name = Release;
		};
/* End XCBuildConfiguration section */

/* Begin XCConfigurationList section */
		3C97A40229844EEB00B4D534 /* Build configuration list for PBXProject "Movies" */ = {
			isa = XCConfigurationList;
			buildConfigurations = (
				3C97A41C29844EED00B4D534 /* Debug */,
				3C97A41D29844EED00B4D534 /* Release */,
			);
			defaultConfigurationIsVisible = 0;
			defaultConfigurationName = Release;
		};
		3C97A41E29844EED00B4D534 /* Build configuration list for PBXNativeTarget "Movies" */ = {
			isa = XCConfigurationList;
			buildConfigurations = (
				3C97A41F29844EED00B4D534 /* Debug */,
				3C97A42029844EED00B4D534 /* Release */,
			);
			defaultConfigurationIsVisible = 0;
			defaultConfigurationName = Release;
		};
/* End XCConfigurationList section */

/* Begin XCRemoteSwiftPackageReference section */
		3C97A4642987F00D00B4D534 /* XCRemoteSwiftPackageReference "SnapKit" */ = {
			isa = XCRemoteSwiftPackageReference;
			repositoryURL = "https://github.com/SnapKit/SnapKit.git";
			requirement = {
				kind = upToNextMajorVersion;
				minimumVersion = 5.0.0;
			};
		};
/* End XCRemoteSwiftPackageReference section */

/* Begin XCSwiftPackageProductDependency section */
		3C97A4652987F00D00B4D534 /* SnapKit */ = {
			isa = XCSwiftPackageProductDependency;
			package = 3C97A4642987F00D00B4D534 /* XCRemoteSwiftPackageReference "SnapKit" */;
			productName = SnapKit;
		};
/* End XCSwiftPackageProductDependency section */

/* Begin XCVersionGroup section */
		3C97A41329844EEB00B4D534 /* Movies.xcdatamodeld */ = {
			isa = XCVersionGroup;
			children = (
				3C97A41429844EEB00B4D534 /* Movies.xcdatamodel */,
			);
			currentVersion = 3C97A41429844EEB00B4D534 /* Movies.xcdatamodel */;
			path = Movies.xcdatamodeld;
			sourceTree = "<group>";
			versionGroupType = wrapper.xcdatamodel;
		};
/* End XCVersionGroup section */
	};
	rootObject = 3C97A3FF29844EEB00B4D534 /* Project object */;
}
